
Microsoft Visual Studio Solution File, Format Version 12.00
# Visual Studio Version 17
VisualStudioVersion = 17.13.35825.156 d17.13
MinimumVisualStudioVersion = 10.0.40219.1
Project("{8BC9CEB8-8B4A-11D0-8D11-00A0C91BC942}") = "2_задание", "2_задание.vcxproj", "{679AAB22-D40D-47B1-B41A-2772DF312AFF}"
EndProject
Project("{8BC9CEB8-8B4A-11D0-8D11-00A0C91BC942}") = "desicion", "..\desicion\desicion.vcxproj", "{120C726F-C2B8-4E33-8AB7-3D1E253072EF}"
EndProject
Project("{8BC9CEB8-8B4A-11D0-8D11-00A0C91BC942}") = "Test", "..\Test\Test.vcxproj", "{9207C0C5-B186-ADA2-66D2-85336A5B28C7}"
EndProject
Global
	GlobalSection(SolutionConfigurationPlatforms) = preSolution
		Debug|x64 = Debug|x64
		Debug|x86 = Debug|x86
		Release|x64 = Release|x64
		Release|x86 = Release|x86
	EndGlobalSection
	GlobalSection(ProjectConfigurationPlatforms) = postSolution
		{679AAB22-D40D-47B1-B41A-2772DF312AFF}.Debug|x64.ActiveCfg = Debug|x64
		{679AAB22-D40D-47B1-B41A-2772DF312AFF}.Debug|x64.Build.0 = Debug|x64
		{679AAB22-D40D-47B1-B41A-2772DF312AFF}.Debug|x86.ActiveCfg = Debug|Win32
		{679AAB22-D40D-47B1-B41A-2772DF312AFF}.Debug|x86.Build.0 = Debug|Win32
		{679AAB22-D40D-47B1-B41A-2772DF312AFF}.Release|x64.ActiveCfg = Release|x64
		{679AAB22-D40D-47B1-B41A-2772DF312AFF}.Release|x64.Build.0 = Release|x64
		{679AAB22-D40D-47B1-B41A-2772DF312AFF}.Release|x86.ActiveCfg = Release|Win32
		{679AAB22-D40D-47B1-B41A-2772DF312AFF}.Release|x86.Build.0 = Release|Win32
		{120C726F-C2B8-4E33-8AB7-3D1E253072EF}.Debug|x64.ActiveCfg = Debug|x64
		{120C726F-C2B8-4E33-8AB7-3D1E253072EF}.Debug|x64.Build.0 = Debug|x64
		{120C726F-C2B8-4E33-8AB7-3D1E253072EF}.Debug|x86.ActiveCfg = Debug|Win32
		{120C726F-C2B8-4E33-8AB7-3D1E253072EF}.Debug|x86.Build.0 = Debug|Win32
		{120C726F-C2B8-4E33-8AB7-3D1E253072EF}.Release|x64.ActiveCfg = Release|x64
		{120C726F-C2B8-4E33-8AB7-3D1E253072EF}.Release|x64.Build.0 = Release|x64
		{120C726F-C2B8-4E33-8AB7-3D1E253072EF}.Release|x86.ActiveCfg = Release|Win32
		{120C726F-C2B8-4E33-8AB7-3D1E253072EF}.Release|x86.Build.0 = Release|Win32
		{9207C0C5-B186-ADA2-66D2-85336A5B28C7}.Debug|x64.ActiveCfg = Debug|x64
		{9207C0C5-B186-ADA2-66D2-85336A5B28C7}.Debug|x64.Build.0 = Debug|x64
		{9207C0C5-B186-ADA2-66D2-85336A5B28C7}.Debug|x86.ActiveCfg = Debug|Win32
		{9207C0C5-B186-ADA2-66D2-85336A5B28C7}.Debug|x86.Build.0 = Debug|Win32
		{9207C0C5-B186-ADA2-66D2-85336A5B28C7}.Release|x64.ActiveCfg = Release|x64
		{9207C0C5-B186-ADA2-66D2-85336A5B28C7}.Release|x64.Build.0 = Release|x64
		{9207C0C5-B186-ADA2-66D2-85336A5B28C7}.Release|x86.ActiveCfg = Release|Win32
		{9207C0C5-B186-ADA2-66D2-85336A5B28C7}.Release|x86.Build.0 = Release|Win32
	EndGlobalSection
	GlobalSection(SolutionProperties) = preSolution
		HideSolutionNode = FALSE
	EndGlobalSection
	GlobalSection(ExtensibilityGlobals) = postSolution
		SolutionGuid = {89F4B48E-6765-4F08-9BAB-8F026374B274}
	EndGlobalSection
EndGlobal
